// !$*UTF8*$!
{
	archiveVersion = 1;
	classes = {
	};
	objectVersion = 50;
	objects = {

/* Begin PBXBuildFile section */
		7B5ECAAC259A621A00EF35B2 /* AppDelegate.swift in Sources */ = {isa = PBXBuildFile; fileRef = 7B5ECAAB259A621A00EF35B2 /* AppDelegate.swift */; };
		7B5ECAAE259A621A00EF35B2 /* SceneDelegate.swift in Sources */ = {isa = PBXBuildFile; fileRef = 7B5ECAAD259A621A00EF35B2 /* SceneDelegate.swift */; };
		7B5ECAB3259A621A00EF35B2 /* Main.storyboard in Resources */ = {isa = PBXBuildFile; fileRef = 7B5ECAB1259A621A00EF35B2 /* Main.storyboard */; };
		7B5ECAB5259A621B00EF35B2 /* Assets.xcassets in Resources */ = {isa = PBXBuildFile; fileRef = 7B5ECAB4259A621B00EF35B2 /* Assets.xcassets */; };
		7B5ECAB8259A621B00EF35B2 /* LaunchScreen.storyboard in Resources */ = {isa = PBXBuildFile; fileRef = 7B5ECAB6259A621B00EF35B2 /* LaunchScreen.storyboard */; };
		7B5ECAC5259A62FE00EF35B2 /* NetworkError.swift in Sources */ = {isa = PBXBuildFile; fileRef = 7B5ECAC4259A62FE00EF35B2 /* NetworkError.swift */; };
		7B5ECAD3259A66AD00EF35B2 /* ConverterViewController.swift in Sources */ = {isa = PBXBuildFile; fileRef = 7B5ECAD2259A66AD00EF35B2 /* ConverterViewController.swift */; };
		7B5ECAD6259A66C400EF35B2 /* CurrenciesViewController.swift in Sources */ = {isa = PBXBuildFile; fileRef = 7B5ECAD5259A66C400EF35B2 /* CurrenciesViewController.swift */; };
		7B5ECADF259A6DBA00EF35B2 /* CurrenciesNetworkService.swift in Sources */ = {isa = PBXBuildFile; fileRef = 7B5ECADE259A6DBA00EF35B2 /* CurrenciesNetworkService.swift */; };
		7B5ECAE4259A6E9B00EF35B2 /* NetworkService.swift in Sources */ = {isa = PBXBuildFile; fileRef = 7B5ECAE3259A6E9B00EF35B2 /* NetworkService.swift */; };
		7B5ECAE8259A6EF100EF35B2 /* getCurrenciesResponse.swift in Sources */ = {isa = PBXBuildFile; fileRef = 7B5ECAE7259A6EF100EF35B2 /* getCurrenciesResponse.swift */; };
		7B5ECAEB259A6F4200EF35B2 /*  Сurrency.swift in Sources */ = {isa = PBXBuildFile; fileRef = 7B5ECAEA259A6F4200EF35B2 /*  Сurrency.swift */; };
		7B5ECAEE259A747400EF35B2 /* CurrenciesTableViewCell.swift in Sources */ = {isa = PBXBuildFile; fileRef = 7B5ECAED259A747400EF35B2 /* CurrenciesTableViewCell.swift */; };
/* End PBXBuildFile section */

/* Begin PBXFileReference section */
		7B5ECAA8259A621A00EF35B2 /* СonversionIOSApp.app */ = {isa = PBXFileReference; explicitFileType = wrapper.application; includeInIndex = 0; path = "СonversionIOSApp.app"; sourceTree = BUILT_PRODUCTS_DIR; };
		7B5ECAAB259A621A00EF35B2 /* AppDelegate.swift */ = {isa = PBXFileReference; lastKnownFileType = sourcecode.swift; path = AppDelegate.swift; sourceTree = "<group>"; };
		7B5ECAAD259A621A00EF35B2 /* SceneDelegate.swift */ = {isa = PBXFileReference; lastKnownFileType = sourcecode.swift; path = SceneDelegate.swift; sourceTree = "<group>"; };
		7B5ECAB2259A621A00EF35B2 /* Base */ = {isa = PBXFileReference; lastKnownFileType = file.storyboard; name = Base; path = Base.lproj/Main.storyboard; sourceTree = "<group>"; };
		7B5ECAB4259A621B00EF35B2 /* Assets.xcassets */ = {isa = PBXFileReference; lastKnownFileType = folder.assetcatalog; path = Assets.xcassets; sourceTree = "<group>"; };
		7B5ECAB7259A621B00EF35B2 /* Base */ = {isa = PBXFileReference; lastKnownFileType = file.storyboard; name = Base; path = Base.lproj/LaunchScreen.storyboard; sourceTree = "<group>"; };
		7B5ECAB9259A621B00EF35B2 /* Info.plist */ = {isa = PBXFileReference; lastKnownFileType = text.plist.xml; path = Info.plist; sourceTree = "<group>"; };
		7B5ECAC4259A62FE00EF35B2 /* NetworkError.swift */ = {isa = PBXFileReference; lastKnownFileType = sourcecode.swift; path = NetworkError.swift; sourceTree = "<group>"; };
		7B5ECAD2259A66AD00EF35B2 /* ConverterViewController.swift */ = {isa = PBXFileReference; lastKnownFileType = sourcecode.swift; path = ConverterViewController.swift; sourceTree = "<group>"; };
		7B5ECAD5259A66C400EF35B2 /* CurrenciesViewController.swift */ = {isa = PBXFileReference; lastKnownFileType = sourcecode.swift; path = CurrenciesViewController.swift; sourceTree = "<group>"; };
		7B5ECADE259A6DBA00EF35B2 /* CurrenciesNetworkService.swift */ = {isa = PBXFileReference; lastKnownFileType = sourcecode.swift; path = CurrenciesNetworkService.swift; sourceTree = "<group>"; };
		7B5ECAE3259A6E9B00EF35B2 /* NetworkService.swift */ = {isa = PBXFileReference; lastKnownFileType = sourcecode.swift; path = NetworkService.swift; sourceTree = "<group>"; };
		7B5ECAE7259A6EF100EF35B2 /* getCurrenciesResponse.swift */ = {isa = PBXFileReference; lastKnownFileType = sourcecode.swift; path = getCurrenciesResponse.swift; sourceTree = "<group>"; };
		7B5ECAEA259A6F4200EF35B2 /*  Сurrency.swift */ = {isa = PBXFileReference; lastKnownFileType = sourcecode.swift; path = " Сurrency.swift"; sourceTree = "<group>"; };
		7B5ECAED259A747400EF35B2 /* CurrenciesTableViewCell.swift */ = {isa = PBXFileReference; lastKnownFileType = sourcecode.swift; path = CurrenciesTableViewCell.swift; sourceTree = "<group>"; };
/* End PBXFileReference section */

/* Begin PBXFrameworksBuildPhase section */
		7B5ECAA5259A621A00EF35B2 /* Frameworks */ = {
			isa = PBXFrameworksBuildPhase;
			buildActionMask = 2147483647;
			files = (
			);
			runOnlyForDeploymentPostprocessing = 0;
		};
/* End PBXFrameworksBuildPhase section */

/* Begin PBXGroup section */
		7B5ECA9F259A621A00EF35B2 = {
			isa = PBXGroup;
			children = (
				7B5ECAAA259A621A00EF35B2 /* СonversionIOSApp */,
				7B5ECAA9259A621A00EF35B2 /* Products */,
			);
			sourceTree = "<group>";
		};
		7B5ECAA9259A621A00EF35B2 /* Products */ = {
			isa = PBXGroup;
			children = (
				7B5ECAA8259A621A00EF35B2 /* СonversionIOSApp.app */,
			);
			name = Products;
			sourceTree = "<group>";
		};
		7B5ECAAA259A621A00EF35B2 /* СonversionIOSApp */ = {
			isa = PBXGroup;
			children = (
				7B5ECAC9259A634C00EF35B2 /* Converter */,
				7B5ECAC8259A633100EF35B2 /* Currencies */,
				7B5ECAC3259A628B00EF35B2 /* Application */,
				7B5ECAD1259A666E00EF35B2 /* SupportingFiles */,
			);
			path = "СonversionIOSApp";
			sourceTree = "<group>";
		};
		7B5ECAC0259A623C00EF35B2 /* Controller */ = {
			isa = PBXGroup;
			children = (
				7B5ECAAB259A621A00EF35B2 /* AppDelegate.swift */,
				7B5ECAAD259A621A00EF35B2 /* SceneDelegate.swift */,
			);
			path = Controller;
			sourceTree = "<group>";
		};
		7B5ECAC1259A624C00EF35B2 /* View */ = {
			isa = PBXGroup;
			children = (
				7B5ECAB1259A621A00EF35B2 /* Main.storyboard */,
				7B5ECAB6259A621B00EF35B2 /* LaunchScreen.storyboard */,
			);
			path = View;
			sourceTree = "<group>";
		};
		7B5ECAC2259A625100EF35B2 /* Modal */ = {
			isa = PBXGroup;
			children = (
				7B5ECAC4259A62FE00EF35B2 /* NetworkError.swift */,
			);
			path = Modal;
			sourceTree = "<group>";
		};
		7B5ECAC3259A628B00EF35B2 /* Application */ = {
			isa = PBXGroup;
			children = (
				7B5ECAE2259A6E8600EF35B2 /* NetworkService */,
				7B5ECAC2259A625100EF35B2 /* Modal */,
				7B5ECAC1259A624C00EF35B2 /* View */,
				7B5ECAC0259A623C00EF35B2 /* Controller */,
			);
			path = Application;
			sourceTree = "<group>";
		};
		7B5ECAC8259A633100EF35B2 /* Currencies */ = {
			isa = PBXGroup;
			children = (
				7B5ECADD259A6D8F00EF35B2 /* CurrenciesNetworkService */,
				7B5ECACE259A637600EF35B2 /* Modal */,
				7B5ECACC259A636C00EF35B2 /* View */,
				7B5ECACA259A635600EF35B2 /* Controller */,
			);
			path = Currencies;
			sourceTree = "<group>";
		};
		7B5ECAC9259A634C00EF35B2 /* Converter */ = {
			isa = PBXGroup;
			children = (
				7B5ECACF259A638200EF35B2 /* Modal */,
				7B5ECACD259A637200EF35B2 /* View */,
				7B5ECACB259A636500EF35B2 /* Controller */,
			);
			path = Converter;
			sourceTree = "<group>";
		};
		7B5ECACA259A635600EF35B2 /* Controller */ = {
			isa = PBXGroup;
			children = (
				7B5ECAD5259A66C400EF35B2 /* CurrenciesViewController.swift */,
			);
			path = Controller;
			sourceTree = "<group>";
		};
		7B5ECACB259A636500EF35B2 /* Controller */ = {
			isa = PBXGroup;
			children = (
				7B5ECAD2259A66AD00EF35B2 /* ConverterViewController.swift */,
			);
			path = Controller;
			sourceTree = "<group>";
		};
		7B5ECACC259A636C00EF35B2 /* View */ = {
			isa = PBXGroup;
			children = (
				7B5ECAED259A747400EF35B2 /* CurrenciesTableViewCell.swift */,
			);
			path = View;
			sourceTree = "<group>";
		};
		7B5ECACD259A637200EF35B2 /* View */ = {
			isa = PBXGroup;
			children = (
			);
			path = View;
			sourceTree = "<group>";
		};
		7B5ECACE259A637600EF35B2 /* Modal */ = {
			isa = PBXGroup;
			children = (
				7B5ECAE7259A6EF100EF35B2 /* getCurrenciesResponse.swift */,
				7B5ECAEA259A6F4200EF35B2 /*  Сurrency.swift */,
			);
			path = Modal;
			sourceTree = "<group>";
		};
		7B5ECACF259A638200EF35B2 /* Modal */ = {
			isa = PBXGroup;
			children = (
			);
			path = Modal;
			sourceTree = "<group>";
		};
		7B5ECAD1259A666E00EF35B2 /* SupportingFiles */ = {
			isa = PBXGroup;
			children = (
				7B5ECAB4259A621B00EF35B2 /* Assets.xcassets */,
				7B5ECAB9259A621B00EF35B2 /* Info.plist */,
			);
			path = SupportingFiles;
			sourceTree = "<group>";
		};
		7B5ECADD259A6D8F00EF35B2 /* CurrenciesNetworkService */ = {
			isa = PBXGroup;
			children = (
				7B5ECADE259A6DBA00EF35B2 /* CurrenciesNetworkService.swift */,
			);
			path = CurrenciesNetworkService;
			sourceTree = "<group>";
		};
		7B5ECAE2259A6E8600EF35B2 /* NetworkService */ = {
			isa = PBXGroup;
			children = (
				7B5ECAE3259A6E9B00EF35B2 /* NetworkService.swift */,
			);
			path = NetworkService;
			sourceTree = "<group>";
		};
/* End PBXGroup section */

/* Begin PBXNativeTarget section */
		7B5ECAA7259A621A00EF35B2 /* СonversionIOSApp */ = {
			isa = PBXNativeTarget;
			buildConfigurationList = 7B5ECABC259A621B00EF35B2 /* Build configuration list for PBXNativeTarget "СonversionIOSApp" */;
			buildPhases = (
				7B5ECAA4259A621A00EF35B2 /* Sources */,
				7B5ECAA5259A621A00EF35B2 /* Frameworks */,
				7B5ECAA6259A621A00EF35B2 /* Resources */,
			);
			buildRules = (
			);
			dependencies = (
			);
			name = "СonversionIOSApp";
			productName = "СonversionIOSApp";
			productReference = 7B5ECAA8259A621A00EF35B2 /* СonversionIOSApp.app */;
			productType = "com.apple.product-type.application";
		};
/* End PBXNativeTarget section */

/* Begin PBXProject section */
		7B5ECAA0259A621A00EF35B2 /* Project object */ = {
			isa = PBXProject;
			attributes = {
				LastSwiftUpdateCheck = 1230;
				LastUpgradeCheck = 1230;
				TargetAttributes = {
					7B5ECAA7259A621A00EF35B2 = {
						CreatedOnToolsVersion = 12.3;
					};
				};
			};
			buildConfigurationList = 7B5ECAA3259A621A00EF35B2 /* Build configuration list for PBXProject "СonversionIOSApp" */;
			compatibilityVersion = "Xcode 9.3";
			developmentRegion = en;
			hasScannedForEncodings = 0;
			knownRegions = (
				en,
				Base,
			);
			mainGroup = 7B5ECA9F259A621A00EF35B2;
			productRefGroup = 7B5ECAA9259A621A00EF35B2 /* Products */;
			projectDirPath = "";
			projectRoot = "";
			targets = (
				7B5ECAA7259A621A00EF35B2 /* СonversionIOSApp */,
			);
		};
/* End PBXProject section */

/* Begin PBXResourcesBuildPhase section */
		7B5ECAA6259A621A00EF35B2 /* Resources */ = {
			isa = PBXResourcesBuildPhase;
			buildActionMask = 2147483647;
			files = (
				7B5ECAB8259A621B00EF35B2 /* LaunchScreen.storyboard in Resources */,
				7B5ECAB5259A621B00EF35B2 /* Assets.xcassets in Resources */,
				7B5ECAB3259A621A00EF35B2 /* Main.storyboard in Resources */,
			);
			runOnlyForDeploymentPostprocessing = 0;
		};
/* End PBXResourcesBuildPhase section */

/* Begin PBXSourcesBuildPhase section */
		7B5ECAA4259A621A00EF35B2 /* Sources */ = {
			isa = PBXSourcesBuildPhase;
			buildActionMask = 2147483647;
			files = (
				7B5ECAE8259A6EF100EF35B2 /* getCurrenciesResponse.swift in Sources */,
				7B5ECAD6259A66C400EF35B2 /* CurrenciesViewController.swift in Sources */,
				7B5ECAC5259A62FE00EF35B2 /* NetworkError.swift in Sources */,
				7B5ECAEB259A6F4200EF35B2 /*  Сurrency.swift in Sources */,
				7B5ECAAC259A621A00EF35B2 /* AppDelegate.swift in Sources */,
				7B5ECAAE259A621A00EF35B2 /* SceneDelegate.swift in Sources */,
				7B5ECAEE259A747400EF35B2 /* CurrenciesTableViewCell.swift in Sources */,
				7B5ECAD3259A66AD00EF35B2 /* ConverterViewController.swift in Sources */,
				7B5ECADF259A6DBA00EF35B2 /* CurrenciesNetworkService.swift in Sources */,
				7B5ECAE4259A6E9B00EF35B2 /* NetworkService.swift in Sources */,
			);
			runOnlyForDeploymentPostprocessing = 0;
		};
/* End PBXSourcesBuildPhase section */

/* Begin PBXVariantGroup section */
		7B5ECAB1259A621A00EF35B2 /* Main.storyboard */ = {
			isa = PBXVariantGroup;
			children = (
				7B5ECAB2259A621A00EF35B2 /* Base */,
			);
			name = Main.storyboard;
			sourceTree = "<group>";
		};
		7B5ECAB6259A621B00EF35B2 /* LaunchScreen.storyboard */ = {
			isa = PBXVariantGroup;
			children = (
				7B5ECAB7259A621B00EF35B2 /* Base */,
			);
			name = LaunchScreen.storyboard;
			sourceTree = "<group>";
		};
/* End PBXVariantGroup section */

/* Begin XCBuildConfiguration section */
		7B5ECABA259A621B00EF35B2 /* Debug */ = {
			isa = XCBuildConfiguration;
			buildSettings = {
				ALWAYS_SEARCH_USER_PATHS = NO;
				CLANG_ANALYZER_NONNULL = YES;
				CLANG_ANALYZER_NUMBER_OBJECT_CONVERSION = YES_AGGRESSIVE;
				CLANG_CXX_LANGUAGE_STANDARD = "gnu++14";
				CLANG_CXX_LIBRARY = "libc++";
				CLANG_ENABLE_MODULES = YES;
				CLANG_ENABLE_OBJC_ARC = YES;
				CLANG_ENABLE_OBJC_WEAK = YES;
				CLANG_WARN_BLOCK_CAPTURE_AUTORELEASING = YES;
				CLANG_WARN_BOOL_CONVERSION = YES;
				CLANG_WARN_COMMA = YES;
				CLANG_WARN_CONSTANT_CONVERSION = YES;
				CLANG_WARN_DEPRECATED_OBJC_IMPLEMENTATIONS = YES;
				CLANG_WARN_DIRECT_OBJC_ISA_USAGE = YES_ERROR;
				CLANG_WARN_DOCUMENTATION_COMMENTS = YES;
				CLANG_WARN_EMPTY_BODY = YES;
				CLANG_WARN_ENUM_CONVERSION = YES;
				CLANG_WARN_INFINITE_RECURSION = YES;
				CLANG_WARN_INT_CONVERSION = YES;
				CLANG_WARN_NON_LITERAL_NULL_CONVERSION = YES;
				CLANG_WARN_OBJC_IMPLICIT_RETAIN_SELF = YES;
				CLANG_WARN_OBJC_LITERAL_CONVERSION = YES;
				CLANG_WARN_OBJC_ROOT_CLASS = YES_ERROR;
				CLANG_WARN_QUOTED_INCLUDE_IN_FRAMEWORK_HEADER = YES;
				CLANG_WARN_RANGE_LOOP_ANALYSIS = YES;
				CLANG_WARN_STRICT_PROTOTYPES = YES;
				CLANG_WARN_SUSPICIOUS_MOVE = YES;
				CLANG_WARN_UNGUARDED_AVAILABILITY = YES_AGGRESSIVE;
				CLANG_WARN_UNREACHABLE_CODE = YES;
				CLANG_WARN__DUPLICATE_METHOD_MATCH = YES;
				COPY_PHASE_STRIP = NO;
				DEBUG_INFORMATION_FORMAT = dwarf;
				ENABLE_STRICT_OBJC_MSGSEND = YES;
				ENABLE_TESTABILITY = YES;
				GCC_C_LANGUAGE_STANDARD = gnu11;
				GCC_DYNAMIC_NO_PIC = NO;
				GCC_NO_COMMON_BLOCKS = YES;
				GCC_OPTIMIZATION_LEVEL = 0;
				GCC_PREPROCESSOR_DEFINITIONS = (
					"DEBUG=1",
					"$(inherited)",
				);
				GCC_WARN_64_TO_32_BIT_CONVERSION = YES;
				GCC_WARN_ABOUT_RETURN_TYPE = YES_ERROR;
				GCC_WARN_UNDECLARED_SELECTOR = YES;
				GCC_WARN_UNINITIALIZED_AUTOS = YES_AGGRESSIVE;
				GCC_WARN_UNUSED_FUNCTION = YES;
				GCC_WARN_UNUSED_VARIABLE = YES;
				IPHONEOS_DEPLOYMENT_TARGET = 14.3;
				MTL_ENABLE_DEBUG_INFO = INCLUDE_SOURCE;
				MTL_FAST_MATH = YES;
				ONLY_ACTIVE_ARCH = YES;
				SDKROOT = iphoneos;
				SWIFT_ACTIVE_COMPILATION_CONDITIONS = DEBUG;
				SWIFT_OPTIMIZATION_LEVEL = "-Onone";
			};
			name = Debug;
		};
		7B5ECABB259A621B00EF35B2 /* Release */ = {
			isa = XCBuildConfiguration;
			buildSettings = {
				ALWAYS_SEARCH_USER_PATHS = NO;
				CLANG_ANALYZER_NONNULL = YES;
				CLANG_ANALYZER_NUMBER_OBJECT_CONVERSION = YES_AGGRESSIVE;
				CLANG_CXX_LANGUAGE_STANDARD = "gnu++14";
				CLANG_CXX_LIBRARY = "libc++";
				CLANG_ENABLE_MODULES = YES;
				CLANG_ENABLE_OBJC_ARC = YES;
				CLANG_ENABLE_OBJC_WEAK = YES;
				CLANG_WARN_BLOCK_CAPTURE_AUTORELEASING = YES;
				CLANG_WARN_BOOL_CONVERSION = YES;
				CLANG_WARN_COMMA = YES;
				CLANG_WARN_CONSTANT_CONVERSION = YES;
				CLANG_WARN_DEPRECATED_OBJC_IMPLEMENTATIONS = YES;
				CLANG_WARN_DIRECT_OBJC_ISA_USAGE = YES_ERROR;
				CLANG_WARN_DOCUMENTATION_COMMENTS = YES;
				CLANG_WARN_EMPTY_BODY = YES;
				CLANG_WARN_ENUM_CONVERSION = YES;
				CLANG_WARN_INFINITE_RECURSION = YES;
				CLANG_WARN_INT_CONVERSION = YES;
				CLANG_WARN_NON_LITERAL_NULL_CONVERSION = YES;
				CLANG_WARN_OBJC_IMPLICIT_RETAIN_SELF = YES;
				CLANG_WARN_OBJC_LITERAL_CONVERSION = YES;
				CLANG_WARN_OBJC_ROOT_CLASS = YES_ERROR;
				CLANG_WARN_QUOTED_INCLUDE_IN_FRAMEWORK_HEADER = YES;
				CLANG_WARN_RANGE_LOOP_ANALYSIS = YES;
				CLANG_WARN_STRICT_PROTOTYPES = YES;
				CLANG_WARN_SUSPICIOUS_MOVE = YES;
				CLANG_WARN_UNGUARDED_AVAILABILITY = YES_AGGRESSIVE;
				CLANG_WARN_UNREACHABLE_CODE = YES;
				CLANG_WARN__DUPLICATE_METHOD_MATCH = YES;
				COPY_PHASE_STRIP = NO;
				DEBUG_INFORMATION_FORMAT = "dwarf-with-dsym";
				ENABLE_NS_ASSERTIONS = NO;
				ENABLE_STRICT_OBJC_MSGSEND = YES;
				GCC_C_LANGUAGE_STANDARD = gnu11;
				GCC_NO_COMMON_BLOCKS = YES;
				GCC_WARN_64_TO_32_BIT_CONVERSION = YES;
				GCC_WARN_ABOUT_RETURN_TYPE = YES_ERROR;
				GCC_WARN_UNDECLARED_SELECTOR = YES;
				GCC_WARN_UNINITIALIZED_AUTOS = YES_AGGRESSIVE;
				GCC_WARN_UNUSED_FUNCTION = YES;
				GCC_WARN_UNUSED_VARIABLE = YES;
				IPHONEOS_DEPLOYMENT_TARGET = 14.3;
				MTL_ENABLE_DEBUG_INFO = NO;
				MTL_FAST_MATH = YES;
				SDKROOT = iphoneos;
				SWIFT_COMPILATION_MODE = wholemodule;
				SWIFT_OPTIMIZATION_LEVEL = "-O";
				VALIDATE_PRODUCT = YES;
			};
			name = Release;
		};
		7B5ECABD259A621B00EF35B2 /* Debug */ = {
			isa = XCBuildConfiguration;
			buildSettings = {
				ASSETCATALOG_COMPILER_APPICON_NAME = AppIcon;
				ASSETCATALOG_COMPILER_GLOBAL_ACCENT_COLOR_NAME = AccentColor;
				CODE_SIGN_STYLE = Automatic;
				DEVELOPMENT_TEAM = TCJQCY9299;
				INFOPLIST_FILE = "$(SRCROOT)/СonversionIOSApp/SupportingFiles/Info.plist";
				LD_RUNPATH_SEARCH_PATHS = (
					"$(inherited)",
					"@executable_path/Frameworks",
				);
				PRODUCT_BUNDLE_IDENTIFIER = "swift.-onversionIOSApp";
				PRODUCT_NAME = "$(TARGET_NAME)";
				SWIFT_VERSION = 5.0;
				TARGETED_DEVICE_FAMILY = "1,2";
			};
			name = Debug;
		};
		7B5ECABE259A621B00EF35B2 /* Release */ = {
			isa = XCBuildConfiguration;
			buildSettings = {
				ASSETCATALOG_COMPILER_APPICON_NAME = AppIcon;
				ASSETCATALOG_COMPILER_GLOBAL_ACCENT_COLOR_NAME = AccentColor;
				CODE_SIGN_STYLE = Automatic;
				DEVELOPMENT_TEAM = TCJQCY9299;
				INFOPLIST_FILE = "$(SRCROOT)/СonversionIOSApp/SupportingFiles/Info.plist";
				LD_RUNPATH_SEARCH_PATHS = (
					"$(inherited)",
					"@executable_path/Frameworks",
				);
				PRODUCT_BUNDLE_IDENTIFIER = "swift.-onversionIOSApp";
				PRODUCT_NAME = "$(TARGET_NAME)";
				SWIFT_VERSION = 5.0;
				TARGETED_DEVICE_FAMILY = "1,2";
			};
			name = Release;
		};
/* End XCBuildConfiguration section */

/* Begin XCConfigurationList section */
		7B5ECAA3259A621A00EF35B2 /* Build configuration list for PBXProject "СonversionIOSApp" */ = {
			isa = XCConfigurationList;
			buildConfigurations = (
				7B5ECABA259A621B00EF35B2 /* Debug */,
				7B5ECABB259A621B00EF35B2 /* Release */,
			);
			defaultConfigurationIsVisible = 0;
			defaultConfigurationName = Release;
		};
		7B5ECABC259A621B00EF35B2 /* Build configuration list for PBXNativeTarget "СonversionIOSApp" */ = {
			isa = XCConfigurationList;
			buildConfigurations = (
				7B5ECABD259A621B00EF35B2 /* Debug */,
				7B5ECABE259A621B00EF35B2 /* Release */,
			);
			defaultConfigurationIsVisible = 0;
			defaultConfigurationName = Release;
		};
/* End XCConfigurationList section */
	};
	rootObject = 7B5ECAA0259A621A00EF35B2 /* Project object */;
}
